
Microsoft Visual Studio Solution File, Format Version 12.00
# Visual Studio Version 17
VisualStudioVersion = 17.7.34221.43
MinimumVisualStudioVersion = 10.0.40219.1
Project("{FAE04EC0-301F-11D3-BF4B-00C04F79EFBC}") = "3.2_VarsConstsLiterals", "3.2_VarsConstsLiterals\3.2_VarsConstsLiterals.csproj", "{7F050043-5629-4C44-814A-F3670F45FF86}"
EndProject
Project("{FAE04EC0-301F-11D3-BF4B-00C04F79EFBC}") = "3.4_Enums", "3.4_Enums\3.4_Enums.csproj", "{52B9A5F2-7666-492D-8A86-04322BC0EDCE}"
EndProject
Project("{FAE04EC0-301F-11D3-BF4B-00C04F79EFBC}") = "3.6_MainOperations", "3.6_MainOperations\3.6_MainOperations.csproj", "{C6226B48-9EE5-4AE3-B926-BE7B1B15E167}"
EndProject
Project("{FAE04EC0-301F-11D3-BF4B-00C04F79EFBC}") = "3.7_TypeConversion", "3.7_TypesCast\3.7_TypeConversion.csproj", "{4E9EA0D7-00AC-49B2-BB4D-C6B4F426F63C}"
EndProject
Project("{2150E333-8FDC-42A3-9474-1A3956D46DE8}") = "Module3", "Module3", "{98940D45-9BD5-47F2-B8FF-EB6D565A0F29}"
EndProject
Project("{2150E333-8FDC-42A3-9474-1A3956D46DE8}") = "Module4", "Module4", "{BC2133CD-D2D0-4E01-85F2-4C9EE31A8C2D}"
EndProject
Project("{FAE04EC0-301F-11D3-BF4B-00C04F79EFBC}") = "4.1_Conditions", "4.1_Conditions\4.1_Conditions.csproj", "{A5CC5200-B47C-4561-B222-2579942A9679}"
EndProject
Project("{FAE04EC0-301F-11D3-BF4B-00C04F79EFBC}") = "4.2_Loops", "4.2_Loops\4.2_Loops.csproj", "{5FC36E2A-BA3B-4FE4-A2B2-929C7265FB46}"
EndProject
Project("{FAE04EC0-301F-11D3-BF4B-00C04F79EFBC}") = "4.3_Arrays", "4.3_Arrays\4.3_Arrays.csproj", "{7C5EA357-05E0-4141-8D67-DAC926B1A55D}"
EndProject
Project("{FAE04EC0-301F-11D3-BF4B-00C04F79EFBC}") = "4.4_Tuples", "4.4_Tuples\4.4_Tuples.csproj", "{190964EF-BC42-447F-A5EF-51660B308028}"
EndProject
Global
	GlobalSection(SolutionConfigurationPlatforms) = preSolution
		Debug|Any CPU = Debug|Any CPU
		Release|Any CPU = Release|Any CPU
	EndGlobalSection
	GlobalSection(ProjectConfigurationPlatforms) = postSolution
		{7F050043-5629-4C44-814A-F3670F45FF86}.Debug|Any CPU.ActiveCfg = Debug|Any CPU
		{7F050043-5629-4C44-814A-F3670F45FF86}.Debug|Any CPU.Build.0 = Debug|Any CPU
		{7F050043-5629-4C44-814A-F3670F45FF86}.Release|Any CPU.ActiveCfg = Release|Any CPU
		{7F050043-5629-4C44-814A-F3670F45FF86}.Release|Any CPU.Build.0 = Release|Any CPU
		{52B9A5F2-7666-492D-8A86-04322BC0EDCE}.Debug|Any CPU.ActiveCfg = Debug|Any CPU
		{52B9A5F2-7666-492D-8A86-04322BC0EDCE}.Debug|Any CPU.Build.0 = Debug|Any CPU
		{52B9A5F2-7666-492D-8A86-04322BC0EDCE}.Release|Any CPU.ActiveCfg = Release|Any CPU
		{52B9A5F2-7666-492D-8A86-04322BC0EDCE}.Release|Any CPU.Build.0 = Release|Any CPU
		{C6226B48-9EE5-4AE3-B926-BE7B1B15E167}.Debug|Any CPU.ActiveCfg = Debug|Any CPU
		{C6226B48-9EE5-4AE3-B926-BE7B1B15E167}.Debug|Any CPU.Build.0 = Debug|Any CPU
		{C6226B48-9EE5-4AE3-B926-BE7B1B15E167}.Release|Any CPU.ActiveCfg = Release|Any CPU
		{C6226B48-9EE5-4AE3-B926-BE7B1B15E167}.Release|Any CPU.Build.0 = Release|Any CPU
		{4E9EA0D7-00AC-49B2-BB4D-C6B4F426F63C}.Debug|Any CPU.ActiveCfg = Debug|Any CPU
		{4E9EA0D7-00AC-49B2-BB4D-C6B4F426F63C}.Debug|Any CPU.Build.0 = Debug|Any CPU
		{4E9EA0D7-00AC-49B2-BB4D-C6B4F426F63C}.Release|Any CPU.ActiveCfg = Release|Any CPU
		{4E9EA0D7-00AC-49B2-BB4D-C6B4F426F63C}.Release|Any CPU.Build.0 = Release|Any CPU
		{A5CC5200-B47C-4561-B222-2579942A9679}.Debug|Any CPU.ActiveCfg = Debug|Any CPU
		{A5CC5200-B47C-4561-B222-2579942A9679}.Debug|Any CPU.Build.0 = Debug|Any CPU
		{A5CC5200-B47C-4561-B222-2579942A9679}.Release|Any CPU.ActiveCfg = Release|Any CPU
		{A5CC5200-B47C-4561-B222-2579942A9679}.Release|Any CPU.Build.0 = Release|Any CPU
		{5FC36E2A-BA3B-4FE4-A2B2-929C7265FB46}.Debug|Any CPU.ActiveCfg = Debug|Any CPU
		{5FC36E2A-BA3B-4FE4-A2B2-929C7265FB46}.Debug|Any CPU.Build.0 = Debug|Any CPU
		{5FC36E2A-BA3B-4FE4-A2B2-929C7265FB46}.Release|Any CPU.ActiveCfg = Release|Any CPU
		{5FC36E2A-BA3B-4FE4-A2B2-929C7265FB46}.Release|Any CPU.Build.0 = Release|Any CPU
		{7C5EA357-05E0-4141-8D67-DAC926B1A55D}.Debug|Any CPU.ActiveCfg = Debug|Any CPU
		{7C5EA357-05E0-4141-8D67-DAC926B1A55D}.Debug|Any CPU.Build.0 = Debug|Any CPU
		{7C5EA357-05E0-4141-8D67-DAC926B1A55D}.Release|Any CPU.ActiveCfg = Release|Any CPU
		{7C5EA357-05E0-4141-8D67-DAC926B1A55D}.Release|Any CPU.Build.0 = Release|Any CPU
		{190964EF-BC42-447F-A5EF-51660B308028}.Debug|Any CPU.ActiveCfg = Debug|Any CPU
		{190964EF-BC42-447F-A5EF-51660B308028}.Debug|Any CPU.Build.0 = Debug|Any CPU
		{190964EF-BC42-447F-A5EF-51660B308028}.Release|Any CPU.ActiveCfg = Release|Any CPU
		{190964EF-BC42-447F-A5EF-51660B308028}.Release|Any CPU.Build.0 = Release|Any CPU
	EndGlobalSection
	GlobalSection(SolutionProperties) = preSolution
		HideSolutionNode = FALSE
	EndGlobalSection
	GlobalSection(NestedProjects) = preSolution
		{7F050043-5629-4C44-814A-F3670F45FF86} = {98940D45-9BD5-47F2-B8FF-EB6D565A0F29}
		{52B9A5F2-7666-492D-8A86-04322BC0EDCE} = {98940D45-9BD5-47F2-B8FF-EB6D565A0F29}
		{C6226B48-9EE5-4AE3-B926-BE7B1B15E167} = {98940D45-9BD5-47F2-B8FF-EB6D565A0F29}
		{4E9EA0D7-00AC-49B2-BB4D-C6B4F426F63C} = {98940D45-9BD5-47F2-B8FF-EB6D565A0F29}
		{A5CC5200-B47C-4561-B222-2579942A9679} = {BC2133CD-D2D0-4E01-85F2-4C9EE31A8C2D}
		{5FC36E2A-BA3B-4FE4-A2B2-929C7265FB46} = {BC2133CD-D2D0-4E01-85F2-4C9EE31A8C2D}
		{7C5EA357-05E0-4141-8D67-DAC926B1A55D} = {BC2133CD-D2D0-4E01-85F2-4C9EE31A8C2D}
		{190964EF-BC42-447F-A5EF-51660B308028} = {BC2133CD-D2D0-4E01-85F2-4C9EE31A8C2D}
	EndGlobalSection
	GlobalSection(ExtensibilityGlobals) = postSolution
		SolutionGuid = {30F7E79B-16A3-4DD5-BA67-C1F58B8F9CEB}
	EndGlobalSection
EndGlobal
